
Microsoft Visual Studio Solution File, Format Version 12.00
# Visual Studio 15
VisualStudioVersion = 15.0.27130.2026
MinimumVisualStudioVersion = 10.0.40219.1
Project("{9A19103F-16F7-4668-BE54-9A1E7A4F7556}") = "TrendingRepoParser", "TrendingRepoParser\TrendingRepoParser.csproj", "{D07E654D-AABE-48A4-A002-F9F4E3113BA6}"
EndProject
Project("{FAE04EC0-301F-11D3-BF4B-00C04F79EFBC}") = "TrendingRepoParser.Tests", "TrendingRepoParser.Tests\TrendingRepoParser.Tests.csproj", "{C4D46829-CA61-4A3B-BAC6-AD9915813745}"
EndProject
Global
	GlobalSection(SolutionConfigurationPlatforms) = preSolution
		Debug|Any CPU = Debug|Any CPU
		Release|Any CPU = Release|Any CPU
	EndGlobalSection
	GlobalSection(ProjectConfigurationPlatforms) = postSolution
		{D07E654D-AABE-48A4-A002-F9F4E3113BA6}.Debug|Any CPU.ActiveCfg = Debug|Any CPU
		{D07E654D-AABE-48A4-A002-F9F4E3113BA6}.Debug|Any CPU.Build.0 = Debug|Any CPU
		{D07E654D-AABE-48A4-A002-F9F4E3113BA6}.Release|Any CPU.ActiveCfg = Release|Any CPU
		{D07E654D-AABE-48A4-A002-F9F4E3113BA6}.Release|Any CPU.Build.0 = Release|Any CPU
		{C4D46829-CA61-4A3B-BAC6-AD9915813745}.Debug|Any CPU.ActiveCfg = Debug|Any CPU
		{C4D46829-CA61-4A3B-BAC6-AD9915813745}.Debug|Any CPU.Build.0 = Debug|Any CPU
		{C4D46829-CA61-4A3B-BAC6-AD9915813745}.Release|Any CPU.ActiveCfg = Release|Any CPU
		{C4D46829-CA61-4A3B-BAC6-AD9915813745}.Release|Any CPU.Build.0 = Release|Any CPU
	EndGlobalSection
	GlobalSection(SolutionProperties) = preSolution
		HideSolutionNode = FALSE
	EndGlobalSection
	GlobalSection(ExtensibilityGlobals) = postSolution
		SolutionGuid = {CB7B9F48-B538-40CC-839D-ACFB51D5A05E}
	EndGlobalSection
EndGlobal
